
Microsoft Visual Studio Solution File, Format Version 12.00
# Visual Studio Version 17
VisualStudioVersion = 17.1.32210.238
MinimumVisualStudioVersion = 10.0.40219.1
Project("{FAE04EC0-301F-11D3-BF4B-00C04F79EFBC}") = "LanchesMac", "LanchesMac\LanchesMac.csproj", "{EC8C6BCB-B5AA-401A-815B-3AFC35326294}"
EndProject
Global
	GlobalSection(SolutionConfigurationPlatforms) = preSolution
		Debug|Any CPU = Debug|Any CPU
		Release|Any CPU = Release|Any CPU
	EndGlobalSection
	GlobalSection(ProjectConfigurationPlatforms) = postSolution
		{EC8C6BCB-B5AA-401A-815B-3AFC35326294}.Debug|Any CPU.ActiveCfg = Debug|Any CPU
		{EC8C6BCB-B5AA-401A-815B-3AFC35326294}.Debug|Any CPU.Build.0 = Debug|Any CPU
		{EC8C6BCB-B5AA-401A-815B-3AFC35326294}.Release|Any CPU.ActiveCfg = Release|Any CPU
		{EC8C6BCB-B5AA-401A-815B-3AFC35326294}.Release|Any CPU.Build.0 = Release|Any CPU
	EndGlobalSection
	GlobalSection(SolutionProperties) = preSolution
		HideSolutionNode = FALSE
	EndGlobalSection
	GlobalSection(ExtensibilityGlobals) = postSolution
		SolutionGuid = {0CB8AC8E-A4A0-40C1-9523-0A225F4E770A}
	EndGlobalSection
EndGlobal
